
Microsoft Visual Studio Solution File, Format Version 12.00
# Visual Studio Version 17
VisualStudioVersion = 17.3.32922.545
MinimumVisualStudioVersion = 10.0.40219.1
Project("{FAE04EC0-301F-11D3-BF4B-00C04F79EFBC}") = "Class stuff", "Class stuff.csproj", "{BC918B0D-541C-42DF-BFD2-C496E3CB670C}"
EndProject
Global
	GlobalSection(SolutionConfigurationPlatforms) = preSolution
		Debug|Any CPU = Debug|Any CPU
		Release|Any CPU = Release|Any CPU
	EndGlobalSection
	GlobalSection(ProjectConfigurationPlatforms) = postSolution
		{BC918B0D-541C-42DF-BFD2-C496E3CB670C}.Debug|Any CPU.ActiveCfg = Debug|Any CPU
		{BC918B0D-541C-42DF-BFD2-C496E3CB670C}.Debug|Any CPU.Build.0 = Debug|Any CPU
		{BC918B0D-541C-42DF-BFD2-C496E3CB670C}.Release|Any CPU.ActiveCfg = Release|Any CPU
		{BC918B0D-541C-42DF-BFD2-C496E3CB670C}.Release|Any CPU.Build.0 = Release|Any CPU
	EndGlobalSection
	GlobalSection(SolutionProperties) = preSolution
		HideSolutionNode = FALSE
	EndGlobalSection
	GlobalSection(ExtensibilityGlobals) = postSolution
		SolutionGuid = {9CE62B09-1C8D-4700-AEDB-339754D9E8E4}
	EndGlobalSection
EndGlobal
